
Microsoft Visual Studio Solution File, Format Version 11.00
# Visual Studio 2010
Project("{FAE04EC0-301F-11D3-BF4B-00C04F79EFBC}") = "KiamSoft", "KiamSoft\KiamSoft.csproj", "{59BB6620-8C2D-47E9-83C0-510D4A662519}"
EndProject
Global
	GlobalSection(SolutionConfigurationPlatforms) = preSolution
		Debug|Any CPU = Debug|Any CPU
		Release|Any CPU = Release|Any CPU
	EndGlobalSection
	GlobalSection(ProjectConfigurationPlatforms) = postSolution
		{59BB6620-8C2D-47E9-83C0-510D4A662519}.Debug|Any CPU.ActiveCfg = Debug|Any CPU
		{59BB6620-8C2D-47E9-83C0-510D4A662519}.Debug|Any CPU.Build.0 = Debug|Any CPU
		{59BB6620-8C2D-47E9-83C0-510D4A662519}.Release|Any CPU.ActiveCfg = Release|Any CPU
		{59BB6620-8C2D-47E9-83C0-510D4A662519}.Release|Any CPU.Build.0 = Release|Any CPU
	EndGlobalSection
	GlobalSection(SolutionProperties) = preSolution
		HideSolutionNode = FALSE
	EndGlobalSection
EndGlobal
